PODS:
  - Alamofire (4.9.1)
  - ProcedureKit/Mobile (5.2.0):
    - ProcedureKit/Standard
  - ProcedureKit/Standard (5.2.0)

DEPENDENCIES:
  - Alamofire (~> 4.0)
  - ProcedureKit/Mobile

SPEC REPOS:
  https://github.com/CocoaPods/Specs.git:
    - Alamofire
    - ProcedureKit

SPEC CHECKSUMS:
  Alamofire: 85e8a02c69d6020a0d734f6054870d7ecb75cf18
  ProcedureKit: deafeab083a0c5e45e4b02379e0ffa316d03db29

PODFILE CHECKSUM: 5e2b279f3df995eea53cd3712f106d168c730155

COCOAPODS: 1.8.4
