// !$*UTF8*$!
{
	archiveVersion = 1;
	classes = {
	};
	objectVersion = 50;
	objects = {

/* Begin PBXBuildFile section */
		03032AC621FD84F900245FD3 /* Core.h in Headers */ = {isa = PBXBuildFile; fileRef = 03032AC421FD84F900245FD3 /* Core.h */; settings = {ATTRIBUTES = (Public, ); }; };
		03032AC921FD84F900245FD3 /* Core.framework in Frameworks */ = {isa = PBXBuildFile; fileRef = 03032AC221FD84F900245FD3 /* Core.framework */; };
		03032ACA21FD84F900245FD3 /* Core.framework in Embed Frameworks */ = {isa = PBXBuildFile; fileRef = 03032AC221FD84F900245FD3 /* Core.framework */; settings = {ATTRIBUTES = (CodeSignOnCopy, RemoveHeadersOnCopy, ); }; };
		03032ADB21FD894300245FD3 /* ServiceLocator.swift in Sources */ = {isa = PBXBuildFile; fileRef = 03032AD621FD894300245FD3 /* ServiceLocator.swift */; };
		03032AE121FD8C8000245FD3 /* Service.swift in Sources */ = {isa = PBXBuildFile; fileRef = 03032AE021FD8C8000245FD3 /* Service.swift */; };
		03032AE321FD8CAA00245FD3 /* ServiceResult.swift in Sources */ = {isa = PBXBuildFile; fileRef = 03032AE221FD8CAA00245FD3 /* ServiceResult.swift */; };
		03032AE621FD8CDF00245FD3 /* ErrorType.swift in Sources */ = {isa = PBXBuildFile; fileRef = 03032AE421FD8CDF00245FD3 /* ErrorType.swift */; };
		03032AE721FD8CDF00245FD3 /* RequestProcedure.swift in Sources */ = {isa = PBXBuildFile; fileRef = 03032AE521FD8CDF00245FD3 /* RequestProcedure.swift */; };
		03032AED21FD8D6800245FD3 /* JSONConvertible.swift in Sources */ = {isa = PBXBuildFile; fileRef = 03032AE921FD8D6800245FD3 /* JSONConvertible.swift */; };
		03032AEE21FD8D6800245FD3 /* StoryBoarded.swift in Sources */ = {isa = PBXBuildFile; fileRef = 03032AEA21FD8D6800245FD3 /* StoryBoarded.swift */; };
		03032AEF21FD8D6800245FD3 /* Coordinator.swift in Sources */ = {isa = PBXBuildFile; fileRef = 03032AEB21FD8D6800245FD3 /* Coordinator.swift */; };
		03032AF021FD8D6800245FD3 /* Endpoint.swift in Sources */ = {isa = PBXBuildFile; fileRef = 03032AEC21FD8D6800245FD3 /* Endpoint.swift */; };
		03032AF521FD93F000245FD3 /* ViewModel.swift in Sources */ = {isa = PBXBuildFile; fileRef = 03032AF121FD93F000245FD3 /* ViewModel.swift */; };
		03032AF621FD93F000245FD3 /* Dynamic.swift in Sources */ = {isa = PBXBuildFile; fileRef = 03032AF221FD93F000245FD3 /* Dynamic.swift */; };
		03032AF721FD93F000245FD3 /* ArrayExtension.swift in Sources */ = {isa = PBXBuildFile; fileRef = 03032AF421FD93F000245FD3 /* ArrayExtension.swift */; };
		032DAA9921ED2D8B00CC4F62 /* NotesResponse.swift in Sources */ = {isa = PBXBuildFile; fileRef = 032DAA9821ED2D8B00CC4F62 /* NotesResponse.swift */; };
		032DAA9B21ED308C00CC4F62 /* Endpoint.swift in Sources */ = {isa = PBXBuildFile; fileRef = 032DAA9A21ED308C00CC4F62 /* Endpoint.swift */; };
		033423C521F1C5A7009E7F22 /* Localizable.strings in Resources */ = {isa = PBXBuildFile; fileRef = 033423C721F1C5A7009E7F22 /* Localizable.strings */; };
		033423CA21F1CB0A009E7F22 /* ArrayRemoveObjectExtensionTests.swift in Sources */ = {isa = PBXBuildFile; fileRef = 033423C921F1CB0A009E7F22 /* ArrayRemoveObjectExtensionTests.swift */; };
		033AE26721E8AC2E001C7E9E /* AppDelegate.swift in Sources */ = {isa = PBXBuildFile; fileRef = 033AE26621E8AC2E001C7E9E /* AppDelegate.swift */; };
		033AE26921E8AC2E001C7E9E /* NotesViewController.swift in Sources */ = {isa = PBXBuildFile; fileRef = 033AE26821E8AC2E001C7E9E /* NotesViewController.swift */; };
		033AE26C21E8AC2E001C7E9E /* Main.storyboard in Resources */ = {isa = PBXBuildFile; fileRef = 033AE26A21E8AC2E001C7E9E /* Main.storyboard */; };
		033AE26E21E8AC2F001C7E9E /* Assets.xcassets in Resources */ = {isa = PBXBuildFile; fileRef = 033AE26D21E8AC2F001C7E9E /* Assets.xcassets */; };
		033AE27121E8AC2F001C7E9E /* LaunchScreen.storyboard in Resources */ = {isa = PBXBuildFile; fileRef = 033AE26F21E8AC2F001C7E9E /* LaunchScreen.storyboard */; };
		033E9BDB21EA79EB006162CE /* NotesService.swift in Sources */ = {isa = PBXBuildFile; fileRef = 033E9BDA21EA79EB006162CE /* NotesService.swift */; };
		033E9BDD21EA7A0A006162CE /* NotesServiceType.swift in Sources */ = {isa = PBXBuildFile; fileRef = 033E9BDC21EA7A0A006162CE /* NotesServiceType.swift */; };
		033E9C0A21EA94CA006162CE /* Note.swift in Sources */ = {isa = PBXBuildFile; fileRef = 033E9C0921EA94CA006162CE /* Note.swift */; };
		036A682921EF1E26009C9F17 /* AppCoordinator.swift in Sources */ = {isa = PBXBuildFile; fileRef = 036A682821EF1E26009C9F17 /* AppCoordinator.swift */; };
		036A682E21EF29A5009C9F17 /* ServiceDependencyContainer.swift in Sources */ = {isa = PBXBuildFile; fileRef = 036A682D21EF29A5009C9F17 /* ServiceDependencyContainer.swift */; };
		036A683121EF2AAE009C9F17 /* HasNotesService.swift in Sources */ = {isa = PBXBuildFile; fileRef = 036A683021EF2AAE009C9F17 /* HasNotesService.swift */; };
		03B74C0721EE77A4004B63D4 /* NotesViewModel.swift in Sources */ = {isa = PBXBuildFile; fileRef = 03B74C0621EE77A4004B63D4 /* NotesViewModel.swift */; };
		03B74C0921EE8141004B63D4 /* NoteCell.swift in Sources */ = {isa = PBXBuildFile; fileRef = 03B74C0821EE8141004B63D4 /* NoteCell.swift */; };
		03C2890F21EFA418009D13F3 /* NoteViewModel.swift in Sources */ = {isa = PBXBuildFile; fileRef = 03C2890E21EFA418009D13F3 /* NoteViewModel.swift */; };
		03C2891121EFBF79009D13F3 /* NotesStorage.swift in Sources */ = {isa = PBXBuildFile; fileRef = 03C2891021EFBF79009D13F3 /* NotesStorage.swift */; };
		03F3FB9221EF5F100074074B /* NoteViewController.swift in Sources */ = {isa = PBXBuildFile; fileRef = 03F3FB9121EF5F100074074B /* NoteViewController.swift */; };
		0AD45FF1110C084091560818 /* Pods_Core.framework in Frameworks */ = {isa = PBXBuildFile; fileRef = B8EB6404F65B8320B471D6FA /* Pods_Core.framework */; };
		C2E8FBF891A016FB8A35FA2E /* Pods_Notes.framework in Frameworks */ = {isa = PBXBuildFile; fileRef = 97356ACF08FA0DA491647F48 /* Pods_Notes.framework */; };
/* End PBXBuildFile section */

/* Begin PBXContainerItemProxy section */
		03032AC721FD84F900245FD3 /* PBXContainerItemProxy */ = {
			isa = PBXContainerItemProxy;
			containerPortal = 033AE25B21E8AC2E001C7E9E /* Project object */;
			proxyType = 1;
			remoteGlobalIDString = 03032AC121FD84F900245FD3;
			remoteInfo = Core;
		};
		033AE27821E8AC2F001C7E9E /* PBXContainerItemProxy */ = {
			isa = PBXContainerItemProxy;
			containerPortal = 033AE25B21E8AC2E001C7E9E /* Project object */;
			proxyType = 1;
			remoteGlobalIDString = 033AE26221E8AC2E001C7E9E;
			remoteInfo = Notes;
		};
/* End PBXContainerItemProxy section */

/* Begin PBXCopyFilesBuildPhase section */
		03032ACE21FD84F900245FD3 /* Embed Frameworks */ = {
			isa = PBXCopyFilesBuildPhase;
			buildActionMask = 2147483647;
			dstPath = "";
			dstSubfolderSpec = 10;
			files = (
				03032ACA21FD84F900245FD3 /* Core.framework in Embed Frameworks */,
			);
			name = "Embed Frameworks";
			runOnlyForDeploymentPostprocessing = 0;
		};
/* End PBXCopyFilesBuildPhase section */

/* Begin PBXFileReference section */
		03032AC221FD84F900245FD3 /* Core.framework */ = {isa = PBXFileReference; explicitFileType = wrapper.framework; includeInIndex = 0; path = Core.framework; sourceTree = BUILT_PRODUCTS_DIR; };
		03032AC421FD84F900245FD3 /* Core.h */ = {isa = PBXFileReference; lastKnownFileType = sourcecode.c.h; path = Core.h; sourceTree = "<group>"; };
		03032AC521FD84F900245FD3 /* Info.plist */ = {isa = PBXFileReference; lastKnownFileType = text.plist.xml; path = Info.plist; sourceTree = "<group>"; };
		03032ACF21FD850200245FD3 /* Pods_Notes.framework */ = {isa = PBXFileReference; explicitFileType = wrapper.framework; path = Pods_Notes.framework; sourceTree = BUILT_PRODUCTS_DIR; };
		03032AD121FD869A00245FD3 /* Pods_Notes.framework */ = {isa = PBXFileReference; explicitFileType = wrapper.framework; path = Pods_Notes.framework; sourceTree = BUILT_PRODUCTS_DIR; };
		03032AD321FD86EC00245FD3 /* Pods_Notes.framework */ = {isa = PBXFileReference; explicitFileType = wrapper.framework; path = Pods_Notes.framework; sourceTree = BUILT_PRODUCTS_DIR; };
		03032AD621FD894300245FD3 /* ServiceLocator.swift */ = {isa = PBXFileReference; fileEncoding = 4; lastKnownFileType = sourcecode.swift; path = ServiceLocator.swift; sourceTree = "<group>"; };
		03032AE021FD8C8000245FD3 /* Service.swift */ = {isa = PBXFileReference; fileEncoding = 4; lastKnownFileType = sourcecode.swift; path = Service.swift; sourceTree = "<group>"; };
		03032AE221FD8CAA00245FD3 /* ServiceResult.swift */ = {isa = PBXFileReference; fileEncoding = 4; lastKnownFileType = sourcecode.swift; path = ServiceResult.swift; sourceTree = "<group>"; };
		03032AE421FD8CDF00245FD3 /* ErrorType.swift */ = {isa = PBXFileReference; fileEncoding = 4; lastKnownFileType = sourcecode.swift; path = ErrorType.swift; sourceTree = "<group>"; };
		03032AE521FD8CDF00245FD3 /* RequestProcedure.swift */ = {isa = PBXFileReference; fileEncoding = 4; lastKnownFileType = sourcecode.swift; path = RequestProcedure.swift; sourceTree = "<group>"; };
		03032AE921FD8D6800245FD3 /* JSONConvertible.swift */ = {isa = PBXFileReference; fileEncoding = 4; lastKnownFileType = sourcecode.swift; path = JSONConvertible.swift; sourceTree = "<group>"; };
		03032AEA21FD8D6800245FD3 /* StoryBoarded.swift */ = {isa = PBXFileReference; fileEncoding = 4; lastKnownFileType = sourcecode.swift; path = StoryBoarded.swift; sourceTree = "<group>"; };
		03032AEB21FD8D6800245FD3 /* Coordinator.swift */ = {isa = PBXFileReference; fileEncoding = 4; lastKnownFileType = sourcecode.swift; path = Coordinator.swift; sourceTree = "<group>"; };
		03032AEC21FD8D6800245FD3 /* Endpoint.swift */ = {isa = PBXFileReference; fileEncoding = 4; lastKnownFileType = sourcecode.swift; path = Endpoint.swift; sourceTree = "<group>"; };
		03032AF121FD93F000245FD3 /* ViewModel.swift */ = {isa = PBXFileReference; fileEncoding = 4; lastKnownFileType = sourcecode.swift; path = ViewModel.swift; sourceTree = "<group>"; };
		03032AF221FD93F000245FD3 /* Dynamic.swift */ = {isa = PBXFileReference; fileEncoding = 4; lastKnownFileType = sourcecode.swift; path = Dynamic.swift; sourceTree = "<group>"; };
		03032AF421FD93F000245FD3 /* ArrayExtension.swift */ = {isa = PBXFileReference; fileEncoding = 4; lastKnownFileType = sourcecode.swift; path = ArrayExtension.swift; sourceTree = "<group>"; };
		032DAA9821ED2D8B00CC4F62 /* NotesResponse.swift */ = {isa = PBXFileReference; lastKnownFileType = sourcecode.swift; path = NotesResponse.swift; sourceTree = "<group>"; };
		032DAA9A21ED308C00CC4F62 /* Endpoint.swift */ = {isa = PBXFileReference; lastKnownFileType = sourcecode.swift; path = Endpoint.swift; sourceTree = "<group>"; };
		033423C121F1C46A009E7F22 /* cs */ = {isa = PBXFileReference; lastKnownFileType = text.plist.strings; name = cs; path = cs.lproj/Main.strings; sourceTree = "<group>"; };
		033423C221F1C46A009E7F22 /* cs */ = {isa = PBXFileReference; lastKnownFileType = text.plist.strings; name = cs; path = cs.lproj/LaunchScreen.strings; sourceTree = "<group>"; };
		033423C621F1C5A7009E7F22 /* en */ = {isa = PBXFileReference; lastKnownFileType = text.plist.strings; name = en; path = en.lproj/Localizable.strings; sourceTree = "<group>"; };
		033423C821F1C5AB009E7F22 /* cs */ = {isa = PBXFileReference; lastKnownFileType = text.plist.strings; name = cs; path = cs.lproj/Localizable.strings; sourceTree = "<group>"; };
		033423C921F1CB0A009E7F22 /* ArrayRemoveObjectExtensionTests.swift */ = {isa = PBXFileReference; lastKnownFileType = sourcecode.swift; path = ArrayRemoveObjectExtensionTests.swift; sourceTree = "<group>"; };
		033AE26321E8AC2E001C7E9E /* Notes.app */ = {isa = PBXFileReference; explicitFileType = wrapper.application; includeInIndex = 0; path = Notes.app; sourceTree = BUILT_PRODUCTS_DIR; };
		033AE26621E8AC2E001C7E9E /* AppDelegate.swift */ = {isa = PBXFileReference; lastKnownFileType = sourcecode.swift; path = AppDelegate.swift; sourceTree = "<group>"; };
		033AE26821E8AC2E001C7E9E /* NotesViewController.swift */ = {isa = PBXFileReference; lastKnownFileType = sourcecode.swift; path = NotesViewController.swift; sourceTree = "<group>"; };
		033AE26B21E8AC2E001C7E9E /* Base */ = {isa = PBXFileReference; lastKnownFileType = file.storyboard; name = Base; path = Base.lproj/Main.storyboard; sourceTree = "<group>"; };
		033AE26D21E8AC2F001C7E9E /* Assets.xcassets */ = {isa = PBXFileReference; lastKnownFileType = folder.assetcatalog; path = Assets.xcassets; sourceTree = "<group>"; };
		033AE27021E8AC2F001C7E9E /* Base */ = {isa = PBXFileReference; lastKnownFileType = file.storyboard; name = Base; path = Base.lproj/LaunchScreen.storyboard; sourceTree = "<group>"; };
		033AE27221E8AC2F001C7E9E /* Info.plist */ = {isa = PBXFileReference; lastKnownFileType = text.plist.xml; path = Info.plist; sourceTree = "<group>"; };
		033AE27721E8AC2F001C7E9E /* NotesTests.xctest */ = {isa = PBXFileReference; explicitFileType = wrapper.cfbundle; includeInIndex = 0; path = NotesTests.xctest; sourceTree = BUILT_PRODUCTS_DIR; };
		033AE27D21E8AC2F001C7E9E /* Info.plist */ = {isa = PBXFileReference; lastKnownFileType = text.plist.xml; path = Info.plist; sourceTree = "<group>"; };
		033E9BDA21EA79EB006162CE /* NotesService.swift */ = {isa = PBXFileReference; lastKnownFileType = sourcecode.swift; path = NotesService.swift; sourceTree = "<group>"; };
		033E9BDC21EA7A0A006162CE /* NotesServiceType.swift */ = {isa = PBXFileReference; lastKnownFileType = sourcecode.swift; path = NotesServiceType.swift; sourceTree = "<group>"; };
		033E9BF521EA850A006162CE /* Notes copy-Info.plist */ = {isa = PBXFileReference; lastKnownFileType = text.plist.xml; name = "Notes copy-Info.plist"; path = "/Users/laca/Documents/Personal/notes/Notes/Notes copy-Info.plist"; sourceTree = "<absolute>"; };
		033E9C0121EA8558006162CE /* NotesTests copy-Info.plist */ = {isa = PBXFileReference; lastKnownFileType = text.plist.xml; name = "NotesTests copy-Info.plist"; path = "/Users/laca/Documents/Personal/notes/Notes/NotesTests copy-Info.plist"; sourceTree = "<absolute>"; };
		033E9C0921EA94CA006162CE /* Note.swift */ = {isa = PBXFileReference; lastKnownFileType = sourcecode.swift; path = Note.swift; sourceTree = "<group>"; };
		036A682821EF1E26009C9F17 /* AppCoordinator.swift */ = {isa = PBXFileReference; lastKnownFileType = sourcecode.swift; path = AppCoordinator.swift; sourceTree = "<group>"; };
		036A682D21EF29A5009C9F17 /* ServiceDependencyContainer.swift */ = {isa = PBXFileReference; lastKnownFileType = sourcecode.swift; path = ServiceDependencyContainer.swift; sourceTree = "<group>"; };
		036A683021EF2AAE009C9F17 /* HasNotesService.swift */ = {isa = PBXFileReference; lastKnownFileType = sourcecode.swift; path = HasNotesService.swift; sourceTree = "<group>"; };
		03B74C0621EE77A4004B63D4 /* NotesViewModel.swift */ = {isa = PBXFileReference; lastKnownFileType = sourcecode.swift; path = NotesViewModel.swift; sourceTree = "<group>"; };
		03B74C0821EE8141004B63D4 /* NoteCell.swift */ = {isa = PBXFileReference; lastKnownFileType = sourcecode.swift; path = NoteCell.swift; sourceTree = "<group>"; };
		03C2890E21EFA418009D13F3 /* NoteViewModel.swift */ = {isa = PBXFileReference; lastKnownFileType = sourcecode.swift; path = NoteViewModel.swift; sourceTree = "<group>"; };
		03C2891021EFBF79009D13F3 /* NotesStorage.swift */ = {isa = PBXFileReference; lastKnownFileType = sourcecode.swift; path = NotesStorage.swift; sourceTree = "<group>"; };
		03F3FB9121EF5F100074074B /* NoteViewController.swift */ = {isa = PBXFileReference; lastKnownFileType = sourcecode.swift; path = NoteViewController.swift; sourceTree = "<group>"; };
		3FEA7ABD9DAE493B2E8D9EA6 /* Pods-Core.debug.xcconfig */ = {isa = PBXFileReference; includeInIndex = 1; lastKnownFileType = text.xcconfig; name = "Pods-Core.debug.xcconfig"; path = "Pods/Target Support Files/Pods-Core/Pods-Core.debug.xcconfig"; sourceTree = "<group>"; };
		7D9159272EF0B61D70F23B07 /* Pods-Core.release.xcconfig */ = {isa = PBXFileReference; includeInIndex = 1; lastKnownFileType = text.xcconfig; name = "Pods-Core.release.xcconfig"; path = "Pods/Target Support Files/Pods-Core/Pods-Core.release.xcconfig"; sourceTree = "<group>"; };
		97356ACF08FA0DA491647F48 /* Pods_Notes.framework */ = {isa = PBXFileReference; explicitFileType = wrapper.framework; includeInIndex = 0; path = Pods_Notes.framework; sourceTree = BUILT_PRODUCTS_DIR; };
		9CEFCB49C9FC1D4DDBF0E4D9 /* Pods-Notes.release.xcconfig */ = {isa = PBXFileReference; includeInIndex = 1; lastKnownFileType = text.xcconfig; name = "Pods-Notes.release.xcconfig"; path = "Pods/Target Support Files/Pods-Notes/Pods-Notes.release.xcconfig"; sourceTree = "<group>"; };
		B8EB6404F65B8320B471D6FA /* Pods_Core.framework */ = {isa = PBXFileReference; explicitFileType = wrapper.framework; includeInIndex = 0; path = Pods_Core.framework; sourceTree = BUILT_PRODUCTS_DIR; };
		F2A5D815D8FE73338A37098D /* Pods-Notes.debug.xcconfig */ = {isa = PBXFileReference; includeInIndex = 1; lastKnownFileType = text.xcconfig; name = "Pods-Notes.debug.xcconfig"; path = "Pods/Target Support Files/Pods-Notes/Pods-Notes.debug.xcconfig"; sourceTree = "<group>"; };
/* End PBXFileReference section */

/* Begin PBXFrameworksBuildPhase section */
		03032ABF21FD84F900245FD3 /* Frameworks */ = {
			isa = PBXFrameworksBuildPhase;
			buildActionMask = 2147483647;
			files = (
				0AD45FF1110C084091560818 /* Pods_Core.framework in Frameworks */,
			);
			runOnlyForDeploymentPostprocessing = 0;
		};
		033AE26021E8AC2E001C7E9E /* Frameworks */ = {
			isa = PBXFrameworksBuildPhase;
			buildActionMask = 2147483647;
			files = (
				C2E8FBF891A016FB8A35FA2E /* Pods_Notes.framework in Frameworks */,
				03032AC921FD84F900245FD3 /* Core.framework in Frameworks */,
			);
			runOnlyForDeploymentPostprocessing = 0;
		};
		033AE27421E8AC2F001C7E9E /* Frameworks */ = {
			isa = PBXFrameworksBuildPhase;
			buildActionMask = 2147483647;
			files = (
			);
			runOnlyForDeploymentPostprocessing = 0;
		};
/* End PBXFrameworksBuildPhase section */

/* Begin PBXGroup section */
		03032AC321FD84F900245FD3 /* Core */ = {
			isa = PBXGroup;
			children = (
				03032AF121FD93F000245FD3 /* ViewModel.swift */,
				03032AF221FD93F000245FD3 /* Dynamic.swift */,
				03032AF321FD93F000245FD3 /* Extensions */,
				03032AE821FD8D6800245FD3 /* Protocols */,
				03032AD521FD894300245FD3 /* Service */,
				03032AC421FD84F900245FD3 /* Core.h */,
				03032AC521FD84F900245FD3 /* Info.plist */,
			);
			path = Core;
			sourceTree = "<group>";
		};
		03032AD521FD894300245FD3 /* Service */ = {
			isa = PBXGroup;
			children = (
				03032AE421FD8CDF00245FD3 /* ErrorType.swift */,
				03032AE521FD8CDF00245FD3 /* RequestProcedure.swift */,
				03032AE221FD8CAA00245FD3 /* ServiceResult.swift */,
				03032AE021FD8C8000245FD3 /* Service.swift */,
				03032AD621FD894300245FD3 /* ServiceLocator.swift */,
			);
			path = Service;
			sourceTree = "<group>";
		};
		03032AE821FD8D6800245FD3 /* Protocols */ = {
			isa = PBXGroup;
			children = (
				03032AE921FD8D6800245FD3 /* JSONConvertible.swift */,
				03032AEA21FD8D6800245FD3 /* StoryBoarded.swift */,
				03032AEB21FD8D6800245FD3 /* Coordinator.swift */,
				03032AEC21FD8D6800245FD3 /* Endpoint.swift */,
			);
			path = Protocols;
			sourceTree = "<group>";
		};
		03032AF321FD93F000245FD3 /* Extensions */ = {
			isa = PBXGroup;
			children = (
				03032AF421FD93F000245FD3 /* ArrayExtension.swift */,
			);
			path = Extensions;
			sourceTree = "<group>";
		};
		033AE25A21E8AC2E001C7E9E = {
			isa = PBXGroup;
			children = (
				033AE26521E8AC2E001C7E9E /* Notes */,
				033AE27A21E8AC2F001C7E9E /* NotesTests */,
				03032AC321FD84F900245FD3 /* Core */,
				033AE26421E8AC2E001C7E9E /* Products */,
				57A070F45C70685FC509B7BF /* Pods */,
				846790DEA21D384B9736643E /* Frameworks */,
				033E9BF521EA850A006162CE /* Notes copy-Info.plist */,
				033E9C0121EA8558006162CE /* NotesTests copy-Info.plist */,
			);
			sourceTree = "<group>";
		};
		033AE26421E8AC2E001C7E9E /* Products */ = {
			isa = PBXGroup;
			children = (
				033AE26321E8AC2E001C7E9E /* Notes.app */,
				033AE27721E8AC2F001C7E9E /* NotesTests.xctest */,
				03032AC221FD84F900245FD3 /* Core.framework */,
			);
			name = Products;
			sourceTree = "<group>";
		};
		033AE26521E8AC2E001C7E9E /* Notes */ = {
			isa = PBXGroup;
			children = (
				033AE26621E8AC2E001C7E9E /* AppDelegate.swift */,
				036A682821EF1E26009C9F17 /* AppCoordinator.swift */,
				033AE26821E8AC2E001C7E9E /* NotesViewController.swift */,
				03F3FB9121EF5F100074074B /* NoteViewController.swift */,
				033E9BCE21E94A55006162CE /* Core */,
				033E9BD721EA77BC006162CE /* Services */,
				033AE28921E8AE22001C7E9E /* View Models */,
				033AE28621E8AD34001C7E9E /* Models */,
				033AE28721E8AD34001C7E9E /* Views */,
				033AE26A21E8AC2E001C7E9E /* Main.storyboard */,
				033AE26D21E8AC2F001C7E9E /* Assets.xcassets */,
				033AE26F21E8AC2F001C7E9E /* LaunchScreen.storyboard */,
				033AE27221E8AC2F001C7E9E /* Info.plist */,
				033423C721F1C5A7009E7F22 /* Localizable.strings */,
			);
			path = Notes;
			sourceTree = "<group>";
		};
		033AE27A21E8AC2F001C7E9E /* NotesTests */ = {
			isa = PBXGroup;
			children = (
				033AE27D21E8AC2F001C7E9E /* Info.plist */,
				033423C921F1CB0A009E7F22 /* ArrayRemoveObjectExtensionTests.swift */,
			);
			path = NotesTests;
			sourceTree = "<group>";
		};
		033AE28621E8AD34001C7E9E /* Models */ = {
			isa = PBXGroup;
			children = (
				03C2891021EFBF79009D13F3 /* NotesStorage.swift */,
			);
			path = Models;
			sourceTree = "<group>";
		};
		033AE28721E8AD34001C7E9E /* Views */ = {
			isa = PBXGroup;
			children = (
				03B74C0821EE8141004B63D4 /* NoteCell.swift */,
			);
			path = Views;
			sourceTree = "<group>";
		};
		033AE28921E8AE22001C7E9E /* View Models */ = {
			isa = PBXGroup;
			children = (
				03B74C0621EE77A4004B63D4 /* NotesViewModel.swift */,
				03C2890E21EFA418009D13F3 /* NoteViewModel.swift */,
			);
			path = "View Models";
			sourceTree = "<group>";
		};
		033E9BCE21E94A55006162CE /* Core */ = {
			isa = PBXGroup;
			children = (
				036A682C21EF297C009C9F17 /* Dependency Management */,
				033E9C0521EA8E8B006162CE /* Protocols */,
			);
			path = Core;
			sourceTree = "<group>";
		};
		033E9BD721EA77BC006162CE /* Services */ = {
			isa = PBXGroup;
			children = (
				033E9BDA21EA79EB006162CE /* NotesService.swift */,
				033E9C0821EA944E006162CE /* Models */,
				033E9BD921EA7824006162CE /* Protocols */,
			);
			path = Services;
			sourceTree = "<group>";
		};
		033E9BD921EA7824006162CE /* Protocols */ = {
			isa = PBXGroup;
			children = (
				033E9BDC21EA7A0A006162CE /* NotesServiceType.swift */,
			);
			path = Protocols;
			sourceTree = "<group>";
		};
		033E9C0521EA8E8B006162CE /* Protocols */ = {
			isa = PBXGroup;
			children = (
				032DAA9A21ED308C00CC4F62 /* Endpoint.swift */,
			);
			path = Protocols;
			sourceTree = "<group>";
		};
		033E9C0821EA944E006162CE /* Models */ = {
			isa = PBXGroup;
			children = (
				033E9C0921EA94CA006162CE /* Note.swift */,
				032DAA9821ED2D8B00CC4F62 /* NotesResponse.swift */,
			);
			path = Models;
			sourceTree = "<group>";
		};
		036A682C21EF297C009C9F17 /* Dependency Management */ = {
			isa = PBXGroup;
			children = (
				036A682F21EF2A8D009C9F17 /* Protocols */,
				036A682D21EF29A5009C9F17 /* ServiceDependencyContainer.swift */,
			);
			path = "Dependency Management";
			sourceTree = "<group>";
		};
		036A682F21EF2A8D009C9F17 /* Protocols */ = {
			isa = PBXGroup;
			children = (
				036A683021EF2AAE009C9F17 /* HasNotesService.swift */,
			);
			path = Protocols;
			sourceTree = "<group>";
		};
		57A070F45C70685FC509B7BF /* Pods */ = {
			isa = PBXGroup;
			children = (
				F2A5D815D8FE73338A37098D /* Pods-Notes.debug.xcconfig */,
				9CEFCB49C9FC1D4DDBF0E4D9 /* Pods-Notes.release.xcconfig */,
				3FEA7ABD9DAE493B2E8D9EA6 /* Pods-Core.debug.xcconfig */,
				7D9159272EF0B61D70F23B07 /* Pods-Core.release.xcconfig */,
			);
			name = Pods;
			sourceTree = "<group>";
		};
		846790DEA21D384B9736643E /* Frameworks */ = {
			isa = PBXGroup;
			children = (
				03032AD321FD86EC00245FD3 /* Pods_Notes.framework */,
				03032AD121FD869A00245FD3 /* Pods_Notes.framework */,
				03032ACF21FD850200245FD3 /* Pods_Notes.framework */,
				97356ACF08FA0DA491647F48 /* Pods_Notes.framework */,
				B8EB6404F65B8320B471D6FA /* Pods_Core.framework */,
			);
			name = Frameworks;
			sourceTree = "<group>";
		};
/* End PBXGroup section */

/* Begin PBXHeadersBuildPhase section */
		03032ABD21FD84F900245FD3 /* Headers */ = {
			isa = PBXHeadersBuildPhase;
			buildActionMask = 2147483647;
			files = (
				03032AC621FD84F900245FD3 /* Core.h in Headers */,
			);
			runOnlyForDeploymentPostprocessing = 0;
		};
/* End PBXHeadersBuildPhase section */

/* Begin PBXNativeTarget section */
		03032AC121FD84F900245FD3 /* Core */ = {
			isa = PBXNativeTarget;
			buildConfigurationList = 03032ACD21FD84F900245FD3 /* Build configuration list for PBXNativeTarget "Core" */;
			buildPhases = (
				BDB9328E2F82A376983F79D2 /* [CP] Check Pods Manifest.lock */,
				03032ABD21FD84F900245FD3 /* Headers */,
				03032ABE21FD84F900245FD3 /* Sources */,
				03032ABF21FD84F900245FD3 /* Frameworks */,
				03032AC021FD84F900245FD3 /* Resources */,
				8511CF324274563D16F0D804 /* [CP] Copy Pods Resources */,
			);
			buildRules = (
			);
			dependencies = (
			);
			name = Core;
			productName = Core;
			productReference = 03032AC221FD84F900245FD3 /* Core.framework */;
			productType = "com.apple.product-type.framework";
		};
		033AE26221E8AC2E001C7E9E /* Notes */ = {
			isa = PBXNativeTarget;
			buildConfigurationList = 033AE28021E8AC2F001C7E9E /* Build configuration list for PBXNativeTarget "Notes" */;
			buildPhases = (
				405EFECFFDA821771CF71E90 /* [CP] Check Pods Manifest.lock */,
				033AE25F21E8AC2E001C7E9E /* Sources */,
				033AE26021E8AC2E001C7E9E /* Frameworks */,
				033AE26121E8AC2E001C7E9E /* Resources */,
				8D1E6092470CEECE808EC555 /* [CP] Embed Pods Frameworks */,
				E80F7A1F907F212202739C73 /* [CP] Copy Pods Resources */,
				03032ACE21FD84F900245FD3 /* Embed Frameworks */,
			);
			buildRules = (
			);
			dependencies = (
				03032AC821FD84F900245FD3 /* PBXTargetDependency */,
			);
			name = Notes;
			productName = Notes;
			productReference = 033AE26321E8AC2E001C7E9E /* Notes.app */;
			productType = "com.apple.product-type.application";
		};
		033AE27621E8AC2F001C7E9E /* NotesTests */ = {
			isa = PBXNativeTarget;
			buildConfigurationList = 033AE28321E8AC2F001C7E9E /* Build configuration list for PBXNativeTarget "NotesTests" */;
			buildPhases = (
				033AE27321E8AC2F001C7E9E /* Sources */,
				033AE27421E8AC2F001C7E9E /* Frameworks */,
				033AE27521E8AC2F001C7E9E /* Resources */,
			);
			buildRules = (
			);
			dependencies = (
				033AE27921E8AC2F001C7E9E /* PBXTargetDependency */,
			);
			name = NotesTests;
			productName = NotesTests;
			productReference = 033AE27721E8AC2F001C7E9E /* NotesTests.xctest */;
			productType = "com.apple.product-type.bundle.unit-test";
		};
/* End PBXNativeTarget section */

/* Begin PBXProject section */
		033AE25B21E8AC2E001C7E9E /* Project object */ = {
			isa = PBXProject;
			attributes = {
				LastSwiftUpdateCheck = 0940;
				LastUpgradeCheck = 0940;
				ORGANIZATIONNAME = "Roman Lazan";
				TargetAttributes = {
					03032AC121FD84F900245FD3 = {
						CreatedOnToolsVersion = 10.1;
					};
					033AE26221E8AC2E001C7E9E = {
						CreatedOnToolsVersion = 9.4.1;
					};
					033AE27621E8AC2F001C7E9E = {
						CreatedOnToolsVersion = 9.4.1;
						TestTargetID = 033AE26221E8AC2E001C7E9E;
					};
				};
			};
			buildConfigurationList = 033AE25E21E8AC2E001C7E9E /* Build configuration list for PBXProject "Notes" */;
			compatibilityVersion = "Xcode 9.3";
			developmentRegion = en;
			hasScannedForEncodings = 0;
			knownRegions = (
				en,
				Base,
				cs,
			);
			mainGroup = 033AE25A21E8AC2E001C7E9E;
			productRefGroup = 033AE26421E8AC2E001C7E9E /* Products */;
			projectDirPath = "";
			projectRoot = "";
			targets = (
				033AE26221E8AC2E001C7E9E /* Notes */,
				033AE27621E8AC2F001C7E9E /* NotesTests */,
				03032AC121FD84F900245FD3 /* Core */,
			);
		};
/* End PBXProject section */

/* Begin PBXResourcesBuildPhase section */
		03032AC021FD84F900245FD3 /* Resources */ = {
			isa = PBXResourcesBuildPhase;
			buildActionMask = 2147483647;
			files = (
			);
			runOnlyForDeploymentPostprocessing = 0;
		};
		033AE26121E8AC2E001C7E9E /* Resources */ = {
			isa = PBXResourcesBuildPhase;
			buildActionMask = 2147483647;
			files = (
				033AE27121E8AC2F001C7E9E /* LaunchScreen.storyboard in Resources */,
				033423C521F1C5A7009E7F22 /* Localizable.strings in Resources */,
				033AE26E21E8AC2F001C7E9E /* Assets.xcassets in Resources */,
				033AE26C21E8AC2E001C7E9E /* Main.storyboard in Resources */,
			);
			runOnlyForDeploymentPostprocessing = 0;
		};
		033AE27521E8AC2F001C7E9E /* Resources */ = {
			isa = PBXResourcesBuildPhase;
			buildActionMask = 2147483647;
			files = (
			);
			runOnlyForDeploymentPostprocessing = 0;
		};
/* End PBXResourcesBuildPhase section */

/* Begin PBXShellScriptBuildPhase section */
		405EFECFFDA821771CF71E90 /* [CP] Check Pods Manifest.lock */ = {
			isa = PBXShellScriptBuildPhase;
			buildActionMask = 2147483647;
			files = (
			);
			inputPaths = (
				"${PODS_PODFILE_DIR_PATH}/Podfile.lock",
				"${PODS_ROOT}/Manifest.lock",
			);
			name = "[CP] Check Pods Manifest.lock";
			outputPaths = (
				"$(DERIVED_FILE_DIR)/Pods-Notes-checkManifestLockResult.txt",
			);
			runOnlyForDeploymentPostprocessing = 0;
			shellPath = /bin/sh;
			shellScript = "diff \"${PODS_PODFILE_DIR_PATH}/Podfile.lock\" \"${PODS_ROOT}/Manifest.lock\" > /dev/null\nif [ $? != 0 ] ; then\n    # print error to STDERR\n    echo \"error: The sandbox is not in sync with the Podfile.lock. Run 'pod install' or update your CocoaPods installation.\" >&2\n    exit 1\nfi\n# This output is used by Xcode 'outputs' to avoid re-running this script phase.\necho \"SUCCESS\" > \"${SCRIPT_OUTPUT_FILE_0}\"\n";
			showEnvVarsInLog = 0;
		};
		8511CF324274563D16F0D804 /* [CP] Copy Pods Resources */ = {
			isa = PBXShellScriptBuildPhase;
			buildActionMask = 2147483647;
			files = (
			);
			inputPaths = (
			);
			name = "[CP] Copy Pods Resources";
			outputPaths = (
			);
			runOnlyForDeploymentPostprocessing = 0;
			shellPath = /bin/sh;
			shellScript = "\"${SRCROOT}/Pods/Target Support Files/Pods-Core/Pods-Core-resources.sh\"\n";
			showEnvVarsInLog = 0;
		};
		8D1E6092470CEECE808EC555 /* [CP] Embed Pods Frameworks */ = {
			isa = PBXShellScriptBuildPhase;
			buildActionMask = 2147483647;
			files = (
			);
			inputPaths = (
				"${SRCROOT}/Pods/Target Support Files/Pods-Notes/Pods-Notes-frameworks.sh",
				"${BUILT_PRODUCTS_DIR}/Alamofire/Alamofire.framework",
				"${BUILT_PRODUCTS_DIR}/ProcedureKit/ProcedureKit.framework",
			);
			name = "[CP] Embed Pods Frameworks";
			outputPaths = (
				"${TARGET_BUILD_DIR}/${FRAMEWORKS_FOLDER_PATH}/Alamofire.framework",
				"${TARGET_BUILD_DIR}/${FRAMEWORKS_FOLDER_PATH}/ProcedureKit.framework",
			);
			runOnlyForDeploymentPostprocessing = 0;
			shellPath = /bin/sh;
			shellScript = "\"${SRCROOT}/Pods/Target Support Files/Pods-Notes/Pods-Notes-frameworks.sh\"\n";
			showEnvVarsInLog = 0;
		};
		BDB9328E2F82A376983F79D2 /* [CP] Check Pods Manifest.lock */ = {
			isa = PBXShellScriptBuildPhase;
			buildActionMask = 2147483647;
			files = (
			);
			inputPaths = (
				"${PODS_PODFILE_DIR_PATH}/Podfile.lock",
				"${PODS_ROOT}/Manifest.lock",
			);
			name = "[CP] Check Pods Manifest.lock";
			outputPaths = (
				"$(DERIVED_FILE_DIR)/Pods-Core-checkManifestLockResult.txt",
			);
			runOnlyForDeploymentPostprocessing = 0;
			shellPath = /bin/sh;
			shellScript = "diff \"${PODS_PODFILE_DIR_PATH}/Podfile.lock\" \"${PODS_ROOT}/Manifest.lock\" > /dev/null\nif [ $? != 0 ] ; then\n    # print error to STDERR\n    echo \"error: The sandbox is not in sync with the Podfile.lock. Run 'pod install' or update your CocoaPods installation.\" >&2\n    exit 1\nfi\n# This output is used by Xcode 'outputs' to avoid re-running this script phase.\necho \"SUCCESS\" > \"${SCRIPT_OUTPUT_FILE_0}\"\n";
			showEnvVarsInLog = 0;
		};
		E80F7A1F907F212202739C73 /* [CP] Copy Pods Resources */ = {
			isa = PBXShellScriptBuildPhase;
			buildActionMask = 2147483647;
			files = (
			);
			inputPaths = (
			);
			name = "[CP] Copy Pods Resources";
			outputPaths = (
			);
			runOnlyForDeploymentPostprocessing = 0;
			shellPath = /bin/sh;
			shellScript = "\"${SRCROOT}/Pods/Target Support Files/Pods-Notes/Pods-Notes-resources.sh\"\n";
			showEnvVarsInLog = 0;
		};
/* End PBXShellScriptBuildPhase section */

/* Begin PBXSourcesBuildPhase section */
		03032ABE21FD84F900245FD3 /* Sources */ = {
			isa = PBXSourcesBuildPhase;
			buildActionMask = 2147483647;
			files = (
				03032AF521FD93F000245FD3 /* ViewModel.swift in Sources */,
				03032AEF21FD8D6800245FD3 /* Coordinator.swift in Sources */,
				03032AF021FD8D6800245FD3 /* Endpoint.swift in Sources */,
				03032AF721FD93F000245FD3 /* ArrayExtension.swift in Sources */,
				03032ADB21FD894300245FD3 /* ServiceLocator.swift in Sources */,
				03032AED21FD8D6800245FD3 /* JSONConvertible.swift in Sources */,
				03032AEE21FD8D6800245FD3 /* StoryBoarded.swift in Sources */,
				03032AE721FD8CDF00245FD3 /* RequestProcedure.swift in Sources */,
				03032AF621FD93F000245FD3 /* Dynamic.swift in Sources */,
				03032AE121FD8C8000245FD3 /* Service.swift in Sources */,
				03032AE621FD8CDF00245FD3 /* ErrorType.swift in Sources */,
				03032AE321FD8CAA00245FD3 /* ServiceResult.swift in Sources */,
			);
			runOnlyForDeploymentPostprocessing = 0;
		};
		033AE25F21E8AC2E001C7E9E /* Sources */ = {
			isa = PBXSourcesBuildPhase;
			buildActionMask = 2147483647;
			files = (
				033E9BDB21EA79EB006162CE /* NotesService.swift in Sources */,
				03C2891121EFBF79009D13F3 /* NotesStorage.swift in Sources */,
				03B74C0921EE8141004B63D4 /* NoteCell.swift in Sources */,
				036A683121EF2AAE009C9F17 /* HasNotesService.swift in Sources */,
				03B74C0721EE77A4004B63D4 /* NotesViewModel.swift in Sources */,
				032DAA9B21ED308C00CC4F62 /* Endpoint.swift in Sources */,
				03C2890F21EFA418009D13F3 /* NoteViewModel.swift in Sources */,
				033AE26921E8AC2E001C7E9E /* NotesViewController.swift in Sources */,
				036A682E21EF29A5009C9F17 /* ServiceDependencyContainer.swift in Sources */,
				032DAA9921ED2D8B00CC4F62 /* NotesResponse.swift in Sources */,
				033E9BDD21EA7A0A006162CE /* NotesServiceType.swift in Sources */,
				033E9C0A21EA94CA006162CE /* Note.swift in Sources */,
				036A682921EF1E26009C9F17 /* AppCoordinator.swift in Sources */,
				03F3FB9221EF5F100074074B /* NoteViewController.swift in Sources */,
				033AE26721E8AC2E001C7E9E /* AppDelegate.swift in Sources */,
			);
			runOnlyForDeploymentPostprocessing = 0;
		};
		033AE27321E8AC2F001C7E9E /* Sources */ = {
			isa = PBXSourcesBuildPhase;
			buildActionMask = 2147483647;
			files = (
				033423CA21F1CB0A009E7F22 /* ArrayRemoveObjectExtensionTests.swift in Sources */,
			);
			runOnlyForDeploymentPostprocessing = 0;
		};
/* End PBXSourcesBuildPhase section */

/* Begin PBXTargetDependency section */
		03032AC821FD84F900245FD3 /* PBXTargetDependency */ = {
			isa = PBXTargetDependency;
			target = 03032AC121FD84F900245FD3 /* Core */;
			targetProxy = 03032AC721FD84F900245FD3 /* PBXContainerItemProxy */;
		};
		033AE27921E8AC2F001C7E9E /* PBXTargetDependency */ = {
			isa = PBXTargetDependency;
			target = 033AE26221E8AC2E001C7E9E /* Notes */;
			targetProxy = 033AE27821E8AC2F001C7E9E /* PBXContainerItemProxy */;
		};
/* End PBXTargetDependency section */

/* Begin PBXVariantGroup section */
		033423C721F1C5A7009E7F22 /* Localizable.strings */ = {
			isa = PBXVariantGroup;
			children = (
				033423C621F1C5A7009E7F22 /* en */,
				033423C821F1C5AB009E7F22 /* cs */,
			);
			name = Localizable.strings;
			sourceTree = "<group>";
		};
		033AE26A21E8AC2E001C7E9E /* Main.storyboard */ = {
			isa = PBXVariantGroup;
			children = (
				033AE26B21E8AC2E001C7E9E /* Base */,
				033423C121F1C46A009E7F22 /* cs */,
			);
			name = Main.storyboard;
			sourceTree = "<group>";
		};
		033AE26F21E8AC2F001C7E9E /* LaunchScreen.storyboard */ = {
			isa = PBXVariantGroup;
			children = (
				033AE27021E8AC2F001C7E9E /* Base */,
				033423C221F1C46A009E7F22 /* cs */,
			);
			name = LaunchScreen.storyboard;
			sourceTree = "<group>";
		};
/* End PBXVariantGroup section */

/* Begin XCBuildConfiguration section */
		03032ACB21FD84F900245FD3 /* Debug */ = {
			isa = XCBuildConfiguration;
			baseConfigurationReference = 3FEA7ABD9DAE493B2E8D9EA6 /* Pods-Core.debug.xcconfig */;
			buildSettings = {
				CODE_SIGN_IDENTITY = "";
				CODE_SIGN_STYLE = Automatic;
				CURRENT_PROJECT_VERSION = 1;
				DEFINES_MODULE = YES;
				DYLIB_COMPATIBILITY_VERSION = 1;
				DYLIB_CURRENT_VERSION = 1;
				DYLIB_INSTALL_NAME_BASE = "@rpath";
				INFOPLIST_FILE = Core/Info.plist;
				INSTALL_PATH = "$(LOCAL_LIBRARY_DIR)/Frameworks";
				IPHONEOS_DEPLOYMENT_TARGET = 11.0;
				LD_RUNPATH_SEARCH_PATHS = (
					"$(inherited)",
					"@executable_path/Frameworks",
					"@loader_path/Frameworks",
				);
				MTL_ENABLE_DEBUG_INFO = INCLUDE_SOURCE;
				MTL_FAST_MATH = YES;
				PRODUCT_BUNDLE_IDENTIFIER = Laca.Notes.Core;
				PRODUCT_NAME = "$(TARGET_NAME:c99extidentifier)";
				SKIP_INSTALL = YES;
				SWIFT_VERSION = 4.0;
				TARGETED_DEVICE_FAMILY = "1,2";
				VERSIONING_SYSTEM = "apple-generic";
				VERSION_INFO_PREFIX = "";
			};
			name = Debug;
		};
		03032ACC21FD84F900245FD3 /* Release */ = {
			isa = XCBuildConfiguration;
			baseConfigurationReference = 7D9159272EF0B61D70F23B07 /* Pods-Core.release.xcconfig */;
			buildSettings = {
				CODE_SIGN_IDENTITY = "";
				CODE_SIGN_STYLE = Automatic;
				CURRENT_PROJECT_VERSION = 1;
				DEFINES_MODULE = YES;
				DYLIB_COMPATIBILITY_VERSION = 1;
				DYLIB_CURRENT_VERSION = 1;
				DYLIB_INSTALL_NAME_BASE = "@rpath";
				INFOPLIST_FILE = Core/Info.plist;
				INSTALL_PATH = "$(LOCAL_LIBRARY_DIR)/Frameworks";
				IPHONEOS_DEPLOYMENT_TARGET = 11.0;
				LD_RUNPATH_SEARCH_PATHS = (
					"$(inherited)",
					"@executable_path/Frameworks",
					"@loader_path/Frameworks",
				);
				MTL_FAST_MATH = YES;
				PRODUCT_BUNDLE_IDENTIFIER = Laca.Notes.Core;
				PRODUCT_NAME = "$(TARGET_NAME:c99extidentifier)";
				SKIP_INSTALL = YES;
				SWIFT_VERSION = 4.0;
				TARGETED_DEVICE_FAMILY = "1,2";
				VERSIONING_SYSTEM = "apple-generic";
				VERSION_INFO_PREFIX = "";
			};
			name = Release;
		};
		033AE27E21E8AC2F001C7E9E /* Debug */ = {
			isa = XCBuildConfiguration;
			buildSettings = {
				ALWAYS_SEARCH_USER_PATHS = NO;
				CLANG_ANALYZER_LOCALIZABILITY_NONLOCALIZED = YES;
				CLANG_ANALYZER_NONNULL = YES;
				CLANG_ANALYZER_NUMBER_OBJECT_CONVERSION = YES_AGGRESSIVE;
				CLANG_CXX_LANGUAGE_STANDARD = "gnu++14";
				CLANG_CXX_LIBRARY = "libc++";
				CLANG_ENABLE_MODULES = YES;
				CLANG_ENABLE_OBJC_ARC = YES;
				CLANG_ENABLE_OBJC_WEAK = YES;
				CLANG_WARN_BLOCK_CAPTURE_AUTORELEASING = YES;
				CLANG_WARN_BOOL_CONVERSION = YES;
				CLANG_WARN_COMMA = YES;
				CLANG_WARN_CONSTANT_CONVERSION = YES;
				CLANG_WARN_DEPRECATED_OBJC_IMPLEMENTATIONS = YES;
				CLANG_WARN_DIRECT_OBJC_ISA_USAGE = YES_ERROR;
				CLANG_WARN_DOCUMENTATION_COMMENTS = YES;
				CLANG_WARN_EMPTY_BODY = YES;
				CLANG_WARN_ENUM_CONVERSION = YES;
				CLANG_WARN_INFINITE_RECURSION = YES;
				CLANG_WARN_INT_CONVERSION = YES;
				CLANG_WARN_NON_LITERAL_NULL_CONVERSION = YES;
				CLANG_WARN_OBJC_IMPLICIT_RETAIN_SELF = YES;
				CLANG_WARN_OBJC_LITERAL_CONVERSION = YES;
				CLANG_WARN_OBJC_ROOT_CLASS = YES_ERROR;
				CLANG_WARN_RANGE_LOOP_ANALYSIS = YES;
				CLANG_WARN_STRICT_PROTOTYPES = YES;
				CLANG_WARN_SUSPICIOUS_MOVE = YES;
				CLANG_WARN_UNGUARDED_AVAILABILITY = YES_AGGRESSIVE;
				CLANG_WARN_UNREACHABLE_CODE = YES;
				CLANG_WARN__DUPLICATE_METHOD_MATCH = YES;
				CODE_SIGN_IDENTITY = "iPhone Developer";
				COPY_PHASE_STRIP = NO;
				DEBUG_INFORMATION_FORMAT = dwarf;
				ENABLE_STRICT_OBJC_MSGSEND = YES;
				ENABLE_TESTABILITY = YES;
				GCC_C_LANGUAGE_STANDARD = gnu11;
				GCC_DYNAMIC_NO_PIC = NO;
				GCC_NO_COMMON_BLOCKS = YES;
				GCC_OPTIMIZATION_LEVEL = 0;
				GCC_PREPROCESSOR_DEFINITIONS = (
					"DEBUG=1",
					"$(inherited)",
				);
				GCC_WARN_64_TO_32_BIT_CONVERSION = YES;
				GCC_WARN_ABOUT_RETURN_TYPE = YES_ERROR;
				GCC_WARN_UNDECLARED_SELECTOR = YES;
				GCC_WARN_UNINITIALIZED_AUTOS = YES_AGGRESSIVE;
				GCC_WARN_UNUSED_FUNCTION = YES;
				GCC_WARN_UNUSED_VARIABLE = YES;
				IPHONEOS_DEPLOYMENT_TARGET = 11.4;
				MTL_ENABLE_DEBUG_INFO = YES;
				ONLY_ACTIVE_ARCH = YES;
				SDKROOT = iphoneos;
				SWIFT_ACTIVE_COMPILATION_CONDITIONS = DEBUG;
				SWIFT_OPTIMIZATION_LEVEL = "-Onone";
			};
			name = Debug;
		};
		033AE27F21E8AC2F001C7E9E /* Release */ = {
			isa = XCBuildConfiguration;
			buildSettings = {
				ALWAYS_SEARCH_USER_PATHS = NO;
				CLANG_ANALYZER_LOCALIZABILITY_NONLOCALIZED = YES;
				CLANG_ANALYZER_NONNULL = YES;
				CLANG_ANALYZER_NUMBER_OBJECT_CONVERSION = YES_AGGRESSIVE;
				CLANG_CXX_LANGUAGE_STANDARD = "gnu++14";
				CLANG_CXX_LIBRARY = "libc++";
				CLANG_ENABLE_MODULES = YES;
				CLANG_ENABLE_OBJC_ARC = YES;
				CLANG_ENABLE_OBJC_WEAK = YES;
				CLANG_WARN_BLOCK_CAPTURE_AUTORELEASING = YES;
				CLANG_WARN_BOOL_CONVERSION = YES;
				CLANG_WARN_COMMA = YES;
				CLANG_WARN_CONSTANT_CONVERSION = YES;
				CLANG_WARN_DEPRECATED_OBJC_IMPLEMENTATIONS = YES;
				CLANG_WARN_DIRECT_OBJC_ISA_USAGE = YES_ERROR;
				CLANG_WARN_DOCUMENTATION_COMMENTS = YES;
				CLANG_WARN_EMPTY_BODY = YES;
				CLANG_WARN_ENUM_CONVERSION = YES;
				CLANG_WARN_INFINITE_RECURSION = YES;
				CLANG_WARN_INT_CONVERSION = YES;
				CLANG_WARN_NON_LITERAL_NULL_CONVERSION = YES;
				CLANG_WARN_OBJC_IMPLICIT_RETAIN_SELF = YES;
				CLANG_WARN_OBJC_LITERAL_CONVERSION = YES;
				CLANG_WARN_OBJC_ROOT_CLASS = YES_ERROR;
				CLANG_WARN_RANGE_LOOP_ANALYSIS = YES;
				CLANG_WARN_STRICT_PROTOTYPES = YES;
				CLANG_WARN_SUSPICIOUS_MOVE = YES;
				CLANG_WARN_UNGUARDED_AVAILABILITY = YES_AGGRESSIVE;
				CLANG_WARN_UNREACHABLE_CODE = YES;
				CLANG_WARN__DUPLICATE_METHOD_MATCH = YES;
				CODE_SIGN_IDENTITY = "iPhone Developer";
				COPY_PHASE_STRIP = NO;
				DEBUG_INFORMATION_FORMAT = "dwarf-with-dsym";
				ENABLE_NS_ASSERTIONS = NO;
				ENABLE_STRICT_OBJC_MSGSEND = YES;
				GCC_C_LANGUAGE_STANDARD = gnu11;
				GCC_NO_COMMON_BLOCKS = YES;
				GCC_WARN_64_TO_32_BIT_CONVERSION = YES;
				GCC_WARN_ABOUT_RETURN_TYPE = YES_ERROR;
				GCC_WARN_UNDECLARED_SELECTOR = YES;
				GCC_WARN_UNINITIALIZED_AUTOS = YES_AGGRESSIVE;
				GCC_WARN_UNUSED_FUNCTION = YES;
				GCC_WARN_UNUSED_VARIABLE = YES;
				IPHONEOS_DEPLOYMENT_TARGET = 11.4;
				MTL_ENABLE_DEBUG_INFO = NO;
				SDKROOT = iphoneos;
				SWIFT_COMPILATION_MODE = wholemodule;
				SWIFT_OPTIMIZATION_LEVEL = "-O";
				VALIDATE_PRODUCT = YES;
			};
			name = Release;
		};
		033AE28121E8AC2F001C7E9E /* Debug */ = {
			isa = XCBuildConfiguration;
			baseConfigurationReference = F2A5D815D8FE73338A37098D /* Pods-Notes.debug.xcconfig */;
			buildSettings = {
				ALWAYS_EMBED_SWIFT_STANDARD_LIBRARIES = YES;
				ASSETCATALOG_COMPILER_APPICON_NAME = AppIcon;
				CODE_SIGN_STYLE = Automatic;
				INFOPLIST_FILE = Notes/Info.plist;
				LD_RUNPATH_SEARCH_PATHS = (
					"$(inherited)",
					"@executable_path/Frameworks",
				);
				PRODUCT_BUNDLE_IDENTIFIER = Laca.Notes;
				PRODUCT_NAME = "$(TARGET_NAME)";
				SWIFT_VERSION = 4.0;
				TARGETED_DEVICE_FAMILY = "1,2";
			};
			name = Debug;
		};
		033AE28221E8AC2F001C7E9E /* Release */ = {
			isa = XCBuildConfiguration;
			baseConfigurationReference = 9CEFCB49C9FC1D4DDBF0E4D9 /* Pods-Notes.release.xcconfig */;
			buildSettings = {
				ALWAYS_EMBED_SWIFT_STANDARD_LIBRARIES = YES;
				ASSETCATALOG_COMPILER_APPICON_NAME = AppIcon;
				CODE_SIGN_STYLE = Automatic;
				INFOPLIST_FILE = Notes/Info.plist;
				LD_RUNPATH_SEARCH_PATHS = (
					"$(inherited)",
					"@executable_path/Frameworks",
				);
				PRODUCT_BUNDLE_IDENTIFIER = Laca.Notes;
				PRODUCT_NAME = "$(TARGET_NAME)";
				SWIFT_VERSION = 4.0;
				TARGETED_DEVICE_FAMILY = "1,2";
			};
			name = Release;
		};
		033AE28421E8AC2F001C7E9E /* Debug */ = {
			isa = XCBuildConfiguration;
			buildSettings = {
				ALWAYS_EMBED_SWIFT_STANDARD_LIBRARIES = YES;
				BUNDLE_LOADER = "$(TEST_HOST)";
				CODE_SIGN_STYLE = Automatic;
				INFOPLIST_FILE = NotesTests/Info.plist;
				LD_RUNPATH_SEARCH_PATHS = (
					"$(inherited)",
					"@executable_path/Frameworks",
					"@loader_path/Frameworks",
				);
				PRODUCT_BUNDLE_IDENTIFIER = Laca.NotesTests;
				PRODUCT_NAME = "$(TARGET_NAME)";
				SWIFT_VERSION = 4.0;
				TARGETED_DEVICE_FAMILY = "1,2";
				TEST_HOST = "$(BUILT_PRODUCTS_DIR)/Notes.app/Notes";
			};
			name = Debug;
		};
		033AE28521E8AC2F001C7E9E /* Release */ = {
			isa = XCBuildConfiguration;
			buildSettings = {
				ALWAYS_EMBED_SWIFT_STANDARD_LIBRARIES = YES;
				BUNDLE_LOADER = "$(TEST_HOST)";
				CODE_SIGN_STYLE = Automatic;
				INFOPLIST_FILE = NotesTests/Info.plist;
				LD_RUNPATH_SEARCH_PATHS = (
					"$(inherited)",
					"@executable_path/Frameworks",
					"@loader_path/Frameworks",
				);
				PRODUCT_BUNDLE_IDENTIFIER = Laca.NotesTests;
				PRODUCT_NAME = "$(TARGET_NAME)";
				SWIFT_VERSION = 4.0;
				TARGETED_DEVICE_FAMILY = "1,2";
				TEST_HOST = "$(BUILT_PRODUCTS_DIR)/Notes.app/Notes";
			};
			name = Release;
		};
/* End XCBuildConfiguration section */

/* Begin XCConfigurationList section */
		03032ACD21FD84F900245FD3 /* Build configuration list for PBXNativeTarget "Core" */ = {
			isa = XCConfigurationList;
			buildConfigurations = (
				03032ACB21FD84F900245FD3 /* Debug */,
				03032ACC21FD84F900245FD3 /* Release */,
			);
			defaultConfigurationIsVisible = 0;
			defaultConfigurationName = Release;
		};
		033AE25E21E8AC2E001C7E9E /* Build configuration list for PBXProject "Notes" */ = {
			isa = XCConfigurationList;
			buildConfigurations = (
				033AE27E21E8AC2F001C7E9E /* Debug */,
				033AE27F21E8AC2F001C7E9E /* Release */,
			);
			defaultConfigurationIsVisible = 0;
			defaultConfigurationName = Release;
		};
		033AE28021E8AC2F001C7E9E /* Build configuration list for PBXNativeTarget "Notes" */ = {
			isa = XCConfigurationList;
			buildConfigurations = (
				033AE28121E8AC2F001C7E9E /* Debug */,
				033AE28221E8AC2F001C7E9E /* Release */,
			);
			defaultConfigurationIsVisible = 0;
			defaultConfigurationName = Release;
		};
		033AE28321E8AC2F001C7E9E /* Build configuration list for PBXNativeTarget "NotesTests" */ = {
			isa = XCConfigurationList;
			buildConfigurations = (
				033AE28421E8AC2F001C7E9E /* Debug */,
				033AE28521E8AC2F001C7E9E /* Release */,
			);
			defaultConfigurationIsVisible = 0;
			defaultConfigurationName = Release;
		};
/* End XCConfigurationList section */
	};
	rootObject = 033AE25B21E8AC2E001C7E9E /* Project object */;
}
